
Microsoft Visual Studio Solution File, Format Version 12.00
# Visual Studio Version 17
VisualStudioVersion = 17.14.36212.18 d17.14
MinimumVisualStudioVersion = 10.0.40219.1
Project("{FAE04EC0-301F-11D3-BF4B-00C04F79EFBC}") = "Homework_09_08_2025", "Homework_09_08_2025\Homework_09_08_2025.csproj", "{479CE3FB-1D25-455C-9DB6-6A428B830CC7}"
EndProject
Global
	GlobalSection(SolutionConfigurationPlatforms) = preSolution
		Debug|Any CPU = Debug|Any CPU
		Release|Any CPU = Release|Any CPU
	EndGlobalSection
	GlobalSection(ProjectConfigurationPlatforms) = postSolution
		{479CE3FB-1D25-455C-9DB6-6A428B830CC7}.Debug|Any CPU.ActiveCfg = Debug|Any CPU
		{479CE3FB-1D25-455C-9DB6-6A428B830CC7}.Debug|Any CPU.Build.0 = Debug|Any CPU
		{479CE3FB-1D25-455C-9DB6-6A428B830CC7}.Release|Any CPU.ActiveCfg = Release|Any CPU
		{479CE3FB-1D25-455C-9DB6-6A428B830CC7}.Release|Any CPU.Build.0 = Release|Any CPU
	EndGlobalSection
	GlobalSection(SolutionProperties) = preSolution
		HideSolutionNode = FALSE
	EndGlobalSection
	GlobalSection(ExtensibilityGlobals) = postSolution
		SolutionGuid = {E01EB75D-9472-4719-8337-16A9E5E2F1E8}
	EndGlobalSection
EndGlobal
